// !$*UTF8*$!
{
	archiveVersion = 1;
	classes = {
	};
	objectVersion = 50;
	objects = {

/* Begin PBXBuildFile section */
		1998ECD124A30F33008EBE54 /* AppDelegate.swift in Sources */ = {isa = PBXBuildFile; fileRef = 1998ECD024A30F33008EBE54 /* AppDelegate.swift */; };
		1998ECD324A30F33008EBE54 /* SceneDelegate.swift in Sources */ = {isa = PBXBuildFile; fileRef = 1998ECD224A30F33008EBE54 /* SceneDelegate.swift */; };
		1998ECD524A30F33008EBE54 /* MainViewController.swift in Sources */ = {isa = PBXBuildFile; fileRef = 1998ECD424A30F33008EBE54 /* MainViewController.swift */; };
		1998ECD824A30F33008EBE54 /* Main.storyboard in Resources */ = {isa = PBXBuildFile; fileRef = 1998ECD624A30F33008EBE54 /* Main.storyboard */; };
		1998ECDA24A30F34008EBE54 /* Assets.xcassets in Resources */ = {isa = PBXBuildFile; fileRef = 1998ECD924A30F34008EBE54 /* Assets.xcassets */; };
		1998ECDD24A30F34008EBE54 /* LaunchScreen.storyboard in Resources */ = {isa = PBXBuildFile; fileRef = 1998ECDB24A30F34008EBE54 /* LaunchScreen.storyboard */; };
/* End PBXBuildFile section */

/* Begin PBXFileReference section */
		1998ECCD24A30F33008EBE54 /* Single View Weather Test.app */ = {isa = PBXFileReference; explicitFileType = wrapper.application; includeInIndex = 0; path = "Single View Weather Test.app"; sourceTree = BUILT_PRODUCTS_DIR; };
		1998ECD024A30F33008EBE54 /* AppDelegate.swift */ = {isa = PBXFileReference; lastKnownFileType = sourcecode.swift; path = AppDelegate.swift; sourceTree = "<group>"; };
		1998ECD224A30F33008EBE54 /* SceneDelegate.swift */ = {isa = PBXFileReference; lastKnownFileType = sourcecode.swift; path = SceneDelegate.swift; sourceTree = "<group>"; };
		1998ECD424A30F33008EBE54 /* MainViewController.swift */ = {isa = PBXFileReference; lastKnownFileType = sourcecode.swift; path = MainViewController.swift; sourceTree = "<group>"; };
		1998ECD724A30F33008EBE54 /* Base */ = {isa = PBXFileReference; lastKnownFileType = file.storyboard; name = Base; path = Base.lproj/Main.storyboard; sourceTree = "<group>"; };
		1998ECD924A30F34008EBE54 /* Assets.xcassets */ = {isa = PBXFileReference; lastKnownFileType = folder.assetcatalog; path = Assets.xcassets; sourceTree = "<group>"; };
		1998ECDC24A30F34008EBE54 /* Base */ = {isa = PBXFileReference; lastKnownFileType = file.storyboard; name = Base; path = Base.lproj/LaunchScreen.storyboard; sourceTree = "<group>"; };
		1998ECDE24A30F34008EBE54 /* Info.plist */ = {isa = PBXFileReference; lastKnownFileType = text.plist.xml; path = Info.plist; sourceTree = "<group>"; };
/* End PBXFileReference section */

/* Begin PBXFrameworksBuildPhase section */
		1998ECCA24A30F33008EBE54 /* Frameworks */ = {
			isa = PBXFrameworksBuildPhase;
			buildActionMask = 2147483647;
			files = (
			);
			runOnlyForDeploymentPostprocessing = 0;
		};
/* End PBXFrameworksBuildPhase section */

/* Begin PBXGroup section */
		1998ECC424A30F33008EBE54 = {
			isa = PBXGroup;
			children = (
				1998ECCF24A30F33008EBE54 /* Single View Weather Test */,
				1998ECCE24A30F33008EBE54 /* Products */,
			);
			sourceTree = "<group>";
		};
		1998ECCE24A30F33008EBE54 /* Products */ = {
			isa = PBXGroup;
			children = (
				1998ECCD24A30F33008EBE54 /* Single View Weather Test.app */,
			);
			name = Products;
			sourceTree = "<group>";
		};
		1998ECCF24A30F33008EBE54 /* Single View Weather Test */ = {
			isa = PBXGroup;
			children = (
				1998ECE524A329DB008EBE54 /* Model */,
				1998ECE724A32A25008EBE54 /* View */,
				1998ECE624A329E9008EBE54 /* Controller */,
				1998ECE424A329A2008EBE54 /* Supporting Files */,
			);
			path = "Single View Weather Test";
			sourceTree = "<group>";
		};
		1998ECE424A329A2008EBE54 /* Supporting Files */ = {
			isa = PBXGroup;
			children = (
				1998ECD224A30F33008EBE54 /* SceneDelegate.swift */,
				1998ECD924A30F34008EBE54 /* Assets.xcassets */,
				1998ECD024A30F33008EBE54 /* AppDelegate.swift */,
				1998ECDE24A30F34008EBE54 /* Info.plist */,
			);
			name = "Supporting Files";
			sourceTree = "<group>";
		};
		1998ECE524A329DB008EBE54 /* Model */ = {
			isa = PBXGroup;
			children = (
			);
			path = Model;
			sourceTree = "<group>";
		};
		1998ECE624A329E9008EBE54 /* Controller */ = {
			isa = PBXGroup;
			children = (
				1998ECD424A30F33008EBE54 /* MainViewController.swift */,
			);
			path = Controller;
			sourceTree = "<group>";
		};
		1998ECE724A32A25008EBE54 /* View */ = {
			isa = PBXGroup;
			children = (
				1998ECD624A30F33008EBE54 /* Main.storyboard */,
				1998ECDB24A30F34008EBE54 /* LaunchScreen.storyboard */,
			);
			path = View;
			sourceTree = "<group>";
		};
/* End PBXGroup section */

/* Begin PBXNativeTarget section */
		1998ECCC24A30F33008EBE54 /* Single View Weather Test */ = {
			isa = PBXNativeTarget;
			buildConfigurationList = 1998ECE124A30F34008EBE54 /* Build configuration list for PBXNativeTarget "Single View Weather Test" */;
			buildPhases = (
				1998ECC924A30F33008EBE54 /* Sources */,
				1998ECCA24A30F33008EBE54 /* Frameworks */,
				1998ECCB24A30F33008EBE54 /* Resources */,
			);
			buildRules = (
			);
			dependencies = (
			);
			name = "Single View Weather Test";
			productName = "Single View Weather Test";
			productReference = 1998ECCD24A30F33008EBE54 /* Single View Weather Test.app */;
			productType = "com.apple.product-type.application";
		};
/* End PBXNativeTarget section */

/* Begin PBXProject section */
		1998ECC524A30F33008EBE54 /* Project object */ = {
			isa = PBXProject;
			attributes = {
				LastSwiftUpdateCheck = 1120;
				LastUpgradeCheck = 1120;
				ORGANIZATIONNAME = "Станислав Белоусов";
				TargetAttributes = {
					1998ECCC24A30F33008EBE54 = {
						CreatedOnToolsVersion = 11.2;
					};
				};
			};
			buildConfigurationList = 1998ECC824A30F33008EBE54 /* Build configuration list for PBXProject "Single View Weather Test" */;
			compatibilityVersion = "Xcode 9.3";
			developmentRegion = en;
			hasScannedForEncodings = 0;
			knownRegions = (
				en,
				Base,
			);
			mainGroup = 1998ECC424A30F33008EBE54;
			productRefGroup = 1998ECCE24A30F33008EBE54 /* Products */;
			projectDirPath = "";
			projectRoot = "";
			targets = (
				1998ECCC24A30F33008EBE54 /* Single View Weather Test */,
			);
		};
/* End PBXProject section */

/* Begin PBXResourcesBuildPhase section */
		1998ECCB24A30F33008EBE54 /* Resources */ = {
			isa = PBXResourcesBuildPhase;
			buildActionMask = 2147483647;
			files = (
				1998ECDD24A30F34008EBE54 /* LaunchScreen.storyboard in Resources */,
				1998ECDA24A30F34008EBE54 /* Assets.xcassets in Resources */,
				1998ECD824A30F33008EBE54 /* Main.storyboard in Resources */,
			);
			runOnlyForDeploymentPostprocessing = 0;
		};
/* End PBXResourcesBuildPhase section */

/* Begin PBXSourcesBuildPhase section */
		1998ECC924A30F33008EBE54 /* Sources */ = {
			isa = PBXSourcesBuildPhase;
			buildActionMask = 2147483647;
			files = (
				1998ECD524A30F33008EBE54 /* MainViewController.swift in Sources */,
				1998ECD124A30F33008EBE54 /* AppDelegate.swift in Sources */,
				1998ECD324A30F33008EBE54 /* SceneDelegate.swift in Sources */,
			);
			runOnlyForDeploymentPostprocessing = 0;
		};
/* End PBXSourcesBuildPhase section */

/* Begin PBXVariantGroup section */
		1998ECD624A30F33008EBE54 /* Main.storyboard */ = {
			isa = PBXVariantGroup;
			children = (
				1998ECD724A30F33008EBE54 /* Base */,
			);
			name = Main.storyboard;
			sourceTree = "<group>";
		};
		1998ECDB24A30F34008EBE54 /* LaunchScreen.storyboard */ = {
			isa = PBXVariantGroup;
			children = (
				1998ECDC24A30F34008EBE54 /* Base */,
			);
			name = LaunchScreen.storyboard;
			sourceTree = "<group>";
		};
/* End PBXVariantGroup section */

/* Begin XCBuildConfiguration section */
		1998ECDF24A30F34008EBE54 /* Debug */ = {
			isa = XCBuildConfiguration;
			buildSettings = {
				ALWAYS_SEARCH_USER_PATHS = NO;
				CLANG_ANALYZER_NONNULL = YES;
				CLANG_ANALYZER_NUMBER_OBJECT_CONVERSION = YES_AGGRESSIVE;
				CLANG_CXX_LANGUAGE_STANDARD = "gnu++14";
				CLANG_CXX_LIBRARY = "libc++";
				CLANG_ENABLE_MODULES = YES;
				CLANG_ENABLE_OBJC_ARC = YES;
				CLANG_ENABLE_OBJC_WEAK = YES;
				CLANG_WARN_BLOCK_CAPTURE_AUTORELEASING = YES;
				CLANG_WARN_BOOL_CONVERSION = YES;
				CLANG_WARN_COMMA = YES;
				CLANG_WARN_CONSTANT_CONVERSION = YES;
				CLANG_WARN_DEPRECATED_OBJC_IMPLEMENTATIONS = YES;
				CLANG_WARN_DIRECT_OBJC_ISA_USAGE = YES_ERROR;
				CLANG_WARN_DOCUMENTATION_COMMENTS = YES;
				CLANG_WARN_EMPTY_BODY = YES;
				CLANG_WARN_ENUM_CONVERSION = YES;
				CLANG_WARN_INFINITE_RECURSION = YES;
				CLANG_WARN_INT_CONVERSION = YES;
				CLANG_WARN_NON_LITERAL_NULL_CONVERSION = YES;
				CLANG_WARN_OBJC_IMPLICIT_RETAIN_SELF = YES;
				CLANG_WARN_OBJC_LITERAL_CONVERSION = YES;
				CLANG_WARN_OBJC_ROOT_CLASS = YES_ERROR;
				CLANG_WARN_RANGE_LOOP_ANALYSIS = YES;
				CLANG_WARN_STRICT_PROTOTYPES = YES;
				CLANG_WARN_SUSPICIOUS_MOVE = YES;
				CLANG_WARN_UNGUARDED_AVAILABILITY = YES_AGGRESSIVE;
				CLANG_WARN_UNREACHABLE_CODE = YES;
				CLANG_WARN__DUPLICATE_METHOD_MATCH = YES;
				COPY_PHASE_STRIP = NO;
				DEBUG_INFORMATION_FORMAT = dwarf;
				ENABLE_STRICT_OBJC_MSGSEND = YES;
				ENABLE_TESTABILITY = YES;
				GCC_C_LANGUAGE_STANDARD = gnu11;
				GCC_DYNAMIC_NO_PIC = NO;
				GCC_NO_COMMON_BLOCKS = YES;
				GCC_OPTIMIZATION_LEVEL = 0;
				GCC_PREPROCESSOR_DEFINITIONS = (
					"DEBUG=1",
					"$(inherited)",
				);
				GCC_WARN_64_TO_32_BIT_CONVERSION = YES;
				GCC_WARN_ABOUT_RETURN_TYPE = YES_ERROR;
				GCC_WARN_UNDECLARED_SELECTOR = YES;
				GCC_WARN_UNINITIALIZED_AUTOS = YES_AGGRESSIVE;
				GCC_WARN_UNUSED_FUNCTION = YES;
				GCC_WARN_UNUSED_VARIABLE = YES;
				IPHONEOS_DEPLOYMENT_TARGET = 13.2;
				MTL_ENABLE_DEBUG_INFO = INCLUDE_SOURCE;
				MTL_FAST_MATH = YES;
				ONLY_ACTIVE_ARCH = YES;
				SDKROOT = iphoneos;
				SWIFT_ACTIVE_COMPILATION_CONDITIONS = DEBUG;
				SWIFT_OPTIMIZATION_LEVEL = "-Onone";
			};
			name = Debug;
		};
		1998ECE024A30F34008EBE54 /* Release */ = {
			isa = XCBuildConfiguration;
			buildSettings = {
				ALWAYS_SEARCH_USER_PATHS = NO;
				CLANG_ANALYZER_NONNULL = YES;
				CLANG_ANALYZER_NUMBER_OBJECT_CONVERSION = YES_AGGRESSIVE;
				CLANG_CXX_LANGUAGE_STANDARD = "gnu++14";
				CLANG_CXX_LIBRARY = "libc++";
				CLANG_ENABLE_MODULES = YES;
				CLANG_ENABLE_OBJC_ARC = YES;
				CLANG_ENABLE_OBJC_WEAK = YES;
				CLANG_WARN_BLOCK_CAPTURE_AUTORELEASING = YES;
				CLANG_WARN_BOOL_CONVERSION = YES;
				CLANG_WARN_COMMA = YES;
				CLANG_WARN_CONSTANT_CONVERSION = YES;
				CLANG_WARN_DEPRECATED_OBJC_IMPLEMENTATIONS = YES;
				CLANG_WARN_DIRECT_OBJC_ISA_USAGE = YES_ERROR;
				CLANG_WARN_DOCUMENTATION_COMMENTS = YES;
				CLANG_WARN_EMPTY_BODY = YES;
				CLANG_WARN_ENUM_CONVERSION = YES;
				CLANG_WARN_INFINITE_RECURSION = YES;
				CLANG_WARN_INT_CONVERSION = YES;
				CLANG_WARN_NON_LITERAL_NULL_CONVERSION = YES;
				CLANG_WARN_OBJC_IMPLICIT_RETAIN_SELF = YES;
				CLANG_WARN_OBJC_LITERAL_CONVERSION = YES;
				CLANG_WARN_OBJC_ROOT_CLASS = YES_ERROR;
				CLANG_WARN_RANGE_LOOP_ANALYSIS = YES;
				CLANG_WARN_STRICT_PROTOTYPES = YES;
				CLANG_WARN_SUSPICIOUS_MOVE = YES;
				CLANG_WARN_UNGUARDED_AVAILABILITY = YES_AGGRESSIVE;
				CLANG_WARN_UNREACHABLE_CODE = YES;
				CLANG_WARN__DUPLICATE_METHOD_MATCH = YES;
				COPY_PHASE_STRIP = NO;
				DEBUG_INFORMATION_FORMAT = "dwarf-with-dsym";
				ENABLE_NS_ASSERTIONS = NO;
				ENABLE_STRICT_OBJC_MSGSEND = YES;
				GCC_C_LANGUAGE_STANDARD = gnu11;
				GCC_NO_COMMON_BLOCKS = YES;
				GCC_WARN_64_TO_32_BIT_CONVERSION = YES;
				GCC_WARN_ABOUT_RETURN_TYPE = YES_ERROR;
				GCC_WARN_UNDECLARED_SELECTOR = YES;
				GCC_WARN_UNINITIALIZED_AUTOS = YES_AGGRESSIVE;
				GCC_WARN_UNUSED_FUNCTION = YES;
				GCC_WARN_UNUSED_VARIABLE = YES;
				IPHONEOS_DEPLOYMENT_TARGET = 13.2;
				MTL_ENABLE_DEBUG_INFO = NO;
				MTL_FAST_MATH = YES;
				SDKROOT = iphoneos;
				SWIFT_COMPILATION_MODE = wholemodule;
				SWIFT_OPTIMIZATION_LEVEL = "-O";
				VALIDATE_PRODUCT = YES;
			};
			name = Release;
		};
		1998ECE224A30F34008EBE54 /* Debug */ = {
			isa = XCBuildConfiguration;
			buildSettings = {
				ASSETCATALOG_COMPILER_APPICON_NAME = AppIcon;
				CODE_SIGN_STYLE = Automatic;
				DEVELOPMENT_TEAM = LTYW28W757;
				INFOPLIST_FILE = "Single View Weather Test/Info.plist";
				LD_RUNPATH_SEARCH_PATHS = (
					"$(inherited)",
					"@executable_path/Frameworks",
				);
				PRODUCT_BUNDLE_IDENTIFIER = "Company.Single-View-Weather-Test";
				PRODUCT_NAME = "$(TARGET_NAME)";
				SWIFT_VERSION = 5.0;
				TARGETED_DEVICE_FAMILY = "1,2";
			};
			name = Debug;
		};
		1998ECE324A30F34008EBE54 /* Release */ = {
			isa = XCBuildConfiguration;
			buildSettings = {
				ASSETCATALOG_COMPILER_APPICON_NAME = AppIcon;
				CODE_SIGN_STYLE = Automatic;
				DEVELOPMENT_TEAM = LTYW28W757;
				INFOPLIST_FILE = "Single View Weather Test/Info.plist";
				LD_RUNPATH_SEARCH_PATHS = (
					"$(inherited)",
					"@executable_path/Frameworks",
				);
				PRODUCT_BUNDLE_IDENTIFIER = "Company.Single-View-Weather-Test";
				PRODUCT_NAME = "$(TARGET_NAME)";
				SWIFT_VERSION = 5.0;
				TARGETED_DEVICE_FAMILY = "1,2";
			};
			name = Release;
		};
/* End XCBuildConfiguration section */

/* Begin XCConfigurationList section */
		1998ECC824A30F33008EBE54 /* Build configuration list for PBXProject "Single View Weather Test" */ = {
			isa = XCConfigurationList;
			buildConfigurations = (
				1998ECDF24A30F34008EBE54 /* Debug */,
				1998ECE024A30F34008EBE54 /* Release */,
			);
			defaultConfigurationIsVisible = 0;
			defaultConfigurationName = Release;
		};
		1998ECE124A30F34008EBE54 /* Build configuration list for PBXNativeTarget "Single View Weather Test" */ = {
			isa = XCConfigurationList;
			buildConfigurations = (
				1998ECE224A30F34008EBE54 /* Debug */,
				1998ECE324A30F34008EBE54 /* Release */,
			);
			defaultConfigurationIsVisible = 0;
			defaultConfigurationName = Release;
		};
/* End XCConfigurationList section */
	};
	rootObject = 1998ECC524A30F33008EBE54 /* Project object */;
}
